{
  "name": "tlo-test",
  "version": "1.0.0",
  "lockfileVersion": 2,
  "requires": true,
  "packages": {
    "": {
      "name": "tlo-test",
      "version": "1.0.0",
      "license": "MIT",
      "dependencies": {
        "@tjmora/template-literal-object": "^1.1.9"
      }
    },
    "node_modules/@tjmora/template-literal-object": {
      "version": "1.1.9",
      "resolved": "https://registry.npmjs.org/@tjmora/template-literal-object/-/template-literal-object-1.1.9.tgz",
      "integrity": "sha512-epKIvqv8mtPAOYauONNNk/1WZqEnw63LBTNrV7yIXGrJ/egkMeQLoeoPb3/yXqmptlpCMCJgDvU+EJB/LkltYA=="
    }
  },
  "dependencies": {
    "@tjmora/template-literal-object": {
      "version": "1.1.9",
      "resolved": "https://registry.npmjs.org/@tjmora/template-literal-object/-/template-literal-object-1.1.9.tgz",
      "integrity": "sha512-epKIvqv8mtPAOYauONNNk/1WZqEnw63LBTNrV7yIXGrJ/egkMeQLoeoPb3/yXqmptlpCMCJgDvU+EJB/LkltYA=="
    }
  }
}
